
Microsoft Visual Studio Solution File, Format Version 12.00
# Visual Studio Version 17
VisualStudioVersion = 17.5.33627.172
MinimumVisualStudioVersion = 10.0.40219.1
Project("{9A19103F-16F7-4668-BE54-9A1E7A4F7556}") = "CoffeeCatPlatform", "CoffeeCatPlatform\CoffeeCatPlatform.csproj", "{CEFB2E5C-B25C-4776-A56A-37EE05B6E81F}"
EndProject
Project("{9A19103F-16F7-4668-BE54-9A1E7A4F7556}") = "DAOs", "DAOs\DAOs.csproj", "{3180CC34-43CC-45B1-9221-31BFD30461EC}"
EndProject
Project("{9A19103F-16F7-4668-BE54-9A1E7A4F7556}") = "Repositories", "Repositories\Repositories.csproj", "{AFB525B7-9FE0-4008-8826-F15867309750}"
EndProject
Project("{9A19103F-16F7-4668-BE54-9A1E7A4F7556}") = "Models", "Models\Models.csproj", "{72096147-05AA-45A0-94B3-C14F3323150E}"
EndProject
Global
	GlobalSection(SolutionConfigurationPlatforms) = preSolution
		Debug|Any CPU = Debug|Any CPU
		Release|Any CPU = Release|Any CPU
	EndGlobalSection
	GlobalSection(ProjectConfigurationPlatforms) = postSolution
		{CEFB2E5C-B25C-4776-A56A-37EE05B6E81F}.Debug|Any CPU.ActiveCfg = Debug|Any CPU
		{CEFB2E5C-B25C-4776-A56A-37EE05B6E81F}.Debug|Any CPU.Build.0 = Debug|Any CPU
		{CEFB2E5C-B25C-4776-A56A-37EE05B6E81F}.Release|Any CPU.ActiveCfg = Release|Any CPU
		{CEFB2E5C-B25C-4776-A56A-37EE05B6E81F}.Release|Any CPU.Build.0 = Release|Any CPU
		{3180CC34-43CC-45B1-9221-31BFD30461EC}.Debug|Any CPU.ActiveCfg = Debug|Any CPU
		{3180CC34-43CC-45B1-9221-31BFD30461EC}.Debug|Any CPU.Build.0 = Debug|Any CPU
		{3180CC34-43CC-45B1-9221-31BFD30461EC}.Release|Any CPU.ActiveCfg = Release|Any CPU
		{3180CC34-43CC-45B1-9221-31BFD30461EC}.Release|Any CPU.Build.0 = Release|Any CPU
		{AFB525B7-9FE0-4008-8826-F15867309750}.Debug|Any CPU.ActiveCfg = Debug|Any CPU
		{AFB525B7-9FE0-4008-8826-F15867309750}.Debug|Any CPU.Build.0 = Debug|Any CPU
		{AFB525B7-9FE0-4008-8826-F15867309750}.Release|Any CPU.ActiveCfg = Release|Any CPU
		{AFB525B7-9FE0-4008-8826-F15867309750}.Release|Any CPU.Build.0 = Release|Any CPU
		{72096147-05AA-45A0-94B3-C14F3323150E}.Debug|Any CPU.ActiveCfg = Debug|Any CPU
		{72096147-05AA-45A0-94B3-C14F3323150E}.Debug|Any CPU.Build.0 = Debug|Any CPU
		{72096147-05AA-45A0-94B3-C14F3323150E}.Release|Any CPU.ActiveCfg = Release|Any CPU
		{72096147-05AA-45A0-94B3-C14F3323150E}.Release|Any CPU.Build.0 = Release|Any CPU
	EndGlobalSection
	GlobalSection(SolutionProperties) = preSolution
		HideSolutionNode = FALSE
	EndGlobalSection
	GlobalSection(ExtensibilityGlobals) = postSolution
		SolutionGuid = {F458DE14-ECF2-4D8D-8506-1ADB76BFD204}
	EndGlobalSection
EndGlobal
